
Microsoft Visual Studio Solution File, Format Version 12.00
# Visual Studio Version 17
VisualStudioVersion = 17.7.34018.315
MinimumVisualStudioVersion = 10.0.40219.1
Project("{FAE04EC0-301F-11D3-BF4B-00C04F79EFBC}") = "Interface", "Interface\Interface.csproj", "{50D0856E-0D19-4120-9AF9-0AC05F1C2CC1}"
EndProject
Project("{9A19103F-16F7-4668-BE54-9A1E7A4F7556}") = "DataPlayer", "DataPlayer\DataPlayer.csproj", "{78DD0A2B-A967-4D43-A755-4406EC1BFCFE}"
EndProject
Global
	GlobalSection(SolutionConfigurationPlatforms) = preSolution
		Debug|Any CPU = Debug|Any CPU
		Release|Any CPU = Release|Any CPU
	EndGlobalSection
	GlobalSection(ProjectConfigurationPlatforms) = postSolution
		{50D0856E-0D19-4120-9AF9-0AC05F1C2CC1}.Debug|Any CPU.ActiveCfg = Debug|Any CPU
		{50D0856E-0D19-4120-9AF9-0AC05F1C2CC1}.Debug|Any CPU.Build.0 = Debug|Any CPU
		{50D0856E-0D19-4120-9AF9-0AC05F1C2CC1}.Release|Any CPU.ActiveCfg = Release|Any CPU
		{50D0856E-0D19-4120-9AF9-0AC05F1C2CC1}.Release|Any CPU.Build.0 = Release|Any CPU
		{78DD0A2B-A967-4D43-A755-4406EC1BFCFE}.Debug|Any CPU.ActiveCfg = Debug|Any CPU
		{78DD0A2B-A967-4D43-A755-4406EC1BFCFE}.Debug|Any CPU.Build.0 = Debug|Any CPU
		{78DD0A2B-A967-4D43-A755-4406EC1BFCFE}.Release|Any CPU.ActiveCfg = Release|Any CPU
		{78DD0A2B-A967-4D43-A755-4406EC1BFCFE}.Release|Any CPU.Build.0 = Release|Any CPU
	EndGlobalSection
	GlobalSection(SolutionProperties) = preSolution
		HideSolutionNode = FALSE
	EndGlobalSection
	GlobalSection(ExtensibilityGlobals) = postSolution
		SolutionGuid = {4F7DF6AA-A7C0-42B0-A05A-8049393C8B59}
	EndGlobalSection
EndGlobal
